// !$*UTF8*$!
{
	archiveVersion = 1;
	classes = {
	};
	objectVersion = 50;
	objects = {

/* Begin PBXBuildFile section */
		3DB4CEB2C0DA9D92E7EF90E6 /* Pods_kakao_weather.framework in Frameworks */ = {isa = PBXBuildFile; fileRef = B3AB86F9DD5910F6E573B3F9 /* Pods_kakao_weather.framework */; };
		7B22E2A422FEA5BD00C71FFF /* WeatherViewController.swift in Sources */ = {isa = PBXBuildFile; fileRef = 7B22E2A322FEA5BD00C71FFF /* WeatherViewController.swift */; };
		7B22E2A622FEA5CD00C71FFF /* SearchViewController.swift in Sources */ = {isa = PBXBuildFile; fileRef = 7B22E2A522FEA5CD00C71FFF /* SearchViewController.swift */; };
		7B22E2AB22FEB33200C71FFF /* LocationTableViewCell.swift in Sources */ = {isa = PBXBuildFile; fileRef = 7B22E2A922FEB33200C71FFF /* LocationTableViewCell.swift */; };
		7B22E2AC22FEB33200C71FFF /* LocationTableViewCell.xib in Resources */ = {isa = PBXBuildFile; fileRef = 7B22E2AA22FEB33200C71FFF /* LocationTableViewCell.xib */; };
		7B22E2B022FEB45000C71FFF /* Spot.swift in Sources */ = {isa = PBXBuildFile; fileRef = 7B22E2AF22FEB45000C71FFF /* Spot.swift */; };
		7B22E2B222FEF33400C71FFF /* SearchLocal.swift in Sources */ = {isa = PBXBuildFile; fileRef = 7B22E2B122FEF33400C71FFF /* SearchLocal.swift */; };
		7B22E2B522FF1A6000C71FFF /* Extension.swift in Sources */ = {isa = PBXBuildFile; fileRef = 7B22E2B422FF1A6000C71FFF /* Extension.swift */; };
		7B42C1E422FAD78800C93987 /* Common.swift in Sources */ = {isa = PBXBuildFile; fileRef = 7B42C1E322FAD78800C93987 /* Common.swift */; };
		7B42C1E622FB138500C93987 /* Router.swift in Sources */ = {isa = PBXBuildFile; fileRef = 7B42C1E522FB138500C93987 /* Router.swift */; };
		7BFC26BE22FAD1C600D539D2 /* AppDelegate.swift in Sources */ = {isa = PBXBuildFile; fileRef = 7BFC26BD22FAD1C600D539D2 /* AppDelegate.swift */; };
		7BFC26C322FAD1C600D539D2 /* Main.storyboard in Resources */ = {isa = PBXBuildFile; fileRef = 7BFC26C122FAD1C600D539D2 /* Main.storyboard */; };
		7BFC26C522FAD1C700D539D2 /* Assets.xcassets in Resources */ = {isa = PBXBuildFile; fileRef = 7BFC26C422FAD1C700D539D2 /* Assets.xcassets */; };
		7BFC26C822FAD1C700D539D2 /* LaunchScreen.storyboard in Resources */ = {isa = PBXBuildFile; fileRef = 7BFC26C622FAD1C700D539D2 /* LaunchScreen.storyboard */; };
		7BFC26D322FAD1C700D539D2 /* kakao_weatherTests.swift in Sources */ = {isa = PBXBuildFile; fileRef = 7BFC26D222FAD1C700D539D2 /* kakao_weatherTests.swift */; };
		7BFC26DE22FAD1C700D539D2 /* kakao_weatherUITests.swift in Sources */ = {isa = PBXBuildFile; fileRef = 7BFC26DD22FAD1C700D539D2 /* kakao_weatherUITests.swift */; };
		962B565222FBC60500874DAA /* Log.swift in Sources */ = {isa = PBXBuildFile; fileRef = 962B565122FBC60500874DAA /* Log.swift */; };
		962B565422FBC9B100874DAA /* Api.swift in Sources */ = {isa = PBXBuildFile; fileRef = 962B565322FBC9B100874DAA /* Api.swift */; };
		962B565B22FD3E7400874DAA /* Weather.swift in Sources */ = {isa = PBXBuildFile; fileRef = 962B565A22FD3E7400874DAA /* Weather.swift */; };
		962B565D22FD3E8300874DAA /* Location.swift in Sources */ = {isa = PBXBuildFile; fileRef = 962B565C22FD3E8300874DAA /* Location.swift */; };
		962B565F22FD3FFF00874DAA /* CurrentObservation.swift in Sources */ = {isa = PBXBuildFile; fileRef = 962B565E22FD3FFF00874DAA /* CurrentObservation.swift */; };
		962B566122FD401400874DAA /* Forecast.swift in Sources */ = {isa = PBXBuildFile; fileRef = 962B566022FD401400874DAA /* Forecast.swift */; };
		96CCA94F2301570300FB1708 /* WeatherCollectionViewCell.swift in Sources */ = {isa = PBXBuildFile; fileRef = 96CCA94D2301570300FB1708 /* WeatherCollectionViewCell.swift */; };
		96CCA9502301570300FB1708 /* WeatherCollectionViewCell.xib in Resources */ = {isa = PBXBuildFile; fileRef = 96CCA94E2301570300FB1708 /* WeatherCollectionViewCell.xib */; };
/* End PBXBuildFile section */

/* Begin PBXContainerItemProxy section */
		7BFC26CF22FAD1C700D539D2 /* PBXContainerItemProxy */ = {
			isa = PBXContainerItemProxy;
			containerPortal = 7BFC26B222FAD1C600D539D2 /* Project object */;
			proxyType = 1;
			remoteGlobalIDString = 7BFC26B922FAD1C600D539D2;
			remoteInfo = "kakao-weather";
		};
		7BFC26DA22FAD1C700D539D2 /* PBXContainerItemProxy */ = {
			isa = PBXContainerItemProxy;
			containerPortal = 7BFC26B222FAD1C600D539D2 /* Project object */;
			proxyType = 1;
			remoteGlobalIDString = 7BFC26B922FAD1C600D539D2;
			remoteInfo = "kakao-weather";
		};
/* End PBXContainerItemProxy section */

/* Begin PBXFileReference section */
		7B22E2A322FEA5BD00C71FFF /* WeatherViewController.swift */ = {isa = PBXFileReference; lastKnownFileType = sourcecode.swift; path = WeatherViewController.swift; sourceTree = "<group>"; };
		7B22E2A522FEA5CD00C71FFF /* SearchViewController.swift */ = {isa = PBXFileReference; lastKnownFileType = sourcecode.swift; path = SearchViewController.swift; sourceTree = "<group>"; };
		7B22E2A922FEB33200C71FFF /* LocationTableViewCell.swift */ = {isa = PBXFileReference; lastKnownFileType = sourcecode.swift; path = LocationTableViewCell.swift; sourceTree = "<group>"; };
		7B22E2AA22FEB33200C71FFF /* LocationTableViewCell.xib */ = {isa = PBXFileReference; lastKnownFileType = file.xib; path = LocationTableViewCell.xib; sourceTree = "<group>"; };
		7B22E2AF22FEB45000C71FFF /* Spot.swift */ = {isa = PBXFileReference; lastKnownFileType = sourcecode.swift; path = Spot.swift; sourceTree = "<group>"; };
		7B22E2B122FEF33400C71FFF /* SearchLocal.swift */ = {isa = PBXFileReference; lastKnownFileType = sourcecode.swift; path = SearchLocal.swift; sourceTree = "<group>"; };
		7B22E2B422FF1A6000C71FFF /* Extension.swift */ = {isa = PBXFileReference; lastKnownFileType = sourcecode.swift; path = Extension.swift; sourceTree = "<group>"; };
		7B42C1E322FAD78800C93987 /* Common.swift */ = {isa = PBXFileReference; lastKnownFileType = sourcecode.swift; path = Common.swift; sourceTree = "<group>"; };
		7B42C1E522FB138500C93987 /* Router.swift */ = {isa = PBXFileReference; lastKnownFileType = sourcecode.swift; path = Router.swift; sourceTree = "<group>"; };
		7BFC26BA22FAD1C600D539D2 /* kakao-weather.app */ = {isa = PBXFileReference; explicitFileType = wrapper.application; includeInIndex = 0; path = "kakao-weather.app"; sourceTree = BUILT_PRODUCTS_DIR; };
		7BFC26BD22FAD1C600D539D2 /* AppDelegate.swift */ = {isa = PBXFileReference; lastKnownFileType = sourcecode.swift; path = AppDelegate.swift; sourceTree = "<group>"; };
		7BFC26C222FAD1C600D539D2 /* Base */ = {isa = PBXFileReference; lastKnownFileType = file.storyboard; name = Base; path = Base.lproj/Main.storyboard; sourceTree = "<group>"; };
		7BFC26C422FAD1C700D539D2 /* Assets.xcassets */ = {isa = PBXFileReference; lastKnownFileType = folder.assetcatalog; path = Assets.xcassets; sourceTree = "<group>"; };
		7BFC26C722FAD1C700D539D2 /* Base */ = {isa = PBXFileReference; lastKnownFileType = file.storyboard; name = Base; path = Base.lproj/LaunchScreen.storyboard; sourceTree = "<group>"; };
		7BFC26C922FAD1C700D539D2 /* Info.plist */ = {isa = PBXFileReference; lastKnownFileType = text.plist.xml; path = Info.plist; sourceTree = "<group>"; };
		7BFC26CE22FAD1C700D539D2 /* kakao-weatherTests.xctest */ = {isa = PBXFileReference; explicitFileType = wrapper.cfbundle; includeInIndex = 0; path = "kakao-weatherTests.xctest"; sourceTree = BUILT_PRODUCTS_DIR; };
		7BFC26D222FAD1C700D539D2 /* kakao_weatherTests.swift */ = {isa = PBXFileReference; lastKnownFileType = sourcecode.swift; path = kakao_weatherTests.swift; sourceTree = "<group>"; };
		7BFC26D422FAD1C700D539D2 /* Info.plist */ = {isa = PBXFileReference; lastKnownFileType = text.plist.xml; path = Info.plist; sourceTree = "<group>"; };
		7BFC26D922FAD1C700D539D2 /* kakao-weatherUITests.xctest */ = {isa = PBXFileReference; explicitFileType = wrapper.cfbundle; includeInIndex = 0; path = "kakao-weatherUITests.xctest"; sourceTree = BUILT_PRODUCTS_DIR; };
		7BFC26DD22FAD1C700D539D2 /* kakao_weatherUITests.swift */ = {isa = PBXFileReference; lastKnownFileType = sourcecode.swift; path = kakao_weatherUITests.swift; sourceTree = "<group>"; };
		7BFC26DF22FAD1C700D539D2 /* Info.plist */ = {isa = PBXFileReference; lastKnownFileType = text.plist.xml; path = Info.plist; sourceTree = "<group>"; };
		962B565122FBC60500874DAA /* Log.swift */ = {isa = PBXFileReference; lastKnownFileType = sourcecode.swift; path = Log.swift; sourceTree = "<group>"; };
		962B565322FBC9B100874DAA /* Api.swift */ = {isa = PBXFileReference; lastKnownFileType = sourcecode.swift; path = Api.swift; sourceTree = "<group>"; };
		962B565A22FD3E7400874DAA /* Weather.swift */ = {isa = PBXFileReference; lastKnownFileType = sourcecode.swift; path = Weather.swift; sourceTree = "<group>"; };
		962B565C22FD3E8300874DAA /* Location.swift */ = {isa = PBXFileReference; lastKnownFileType = sourcecode.swift; path = Location.swift; sourceTree = "<group>"; };
		962B565E22FD3FFF00874DAA /* CurrentObservation.swift */ = {isa = PBXFileReference; lastKnownFileType = sourcecode.swift; path = CurrentObservation.swift; sourceTree = "<group>"; };
		962B566022FD401400874DAA /* Forecast.swift */ = {isa = PBXFileReference; lastKnownFileType = sourcecode.swift; path = Forecast.swift; sourceTree = "<group>"; };
		96CCA94D2301570300FB1708 /* WeatherCollectionViewCell.swift */ = {isa = PBXFileReference; lastKnownFileType = sourcecode.swift; path = WeatherCollectionViewCell.swift; sourceTree = "<group>"; };
		96CCA94E2301570300FB1708 /* WeatherCollectionViewCell.xib */ = {isa = PBXFileReference; lastKnownFileType = file.xib; path = WeatherCollectionViewCell.xib; sourceTree = "<group>"; };
		B3AB86F9DD5910F6E573B3F9 /* Pods_kakao_weather.framework */ = {isa = PBXFileReference; explicitFileType = wrapper.framework; includeInIndex = 0; path = Pods_kakao_weather.framework; sourceTree = BUILT_PRODUCTS_DIR; };
		D912D4759937438D16EC9461 /* Pods-kakao-weather.debug.xcconfig */ = {isa = PBXFileReference; includeInIndex = 1; lastKnownFileType = text.xcconfig; name = "Pods-kakao-weather.debug.xcconfig"; path = "Pods/Target Support Files/Pods-kakao-weather/Pods-kakao-weather.debug.xcconfig"; sourceTree = "<group>"; };
		F465E03BAE16056140B2B0B6 /* Pods-kakao-weather.release.xcconfig */ = {isa = PBXFileReference; includeInIndex = 1; lastKnownFileType = text.xcconfig; name = "Pods-kakao-weather.release.xcconfig"; path = "Pods/Target Support Files/Pods-kakao-weather/Pods-kakao-weather.release.xcconfig"; sourceTree = "<group>"; };
/* End PBXFileReference section */

/* Begin PBXFrameworksBuildPhase section */
		7BFC26B722FAD1C600D539D2 /* Frameworks */ = {
			isa = PBXFrameworksBuildPhase;
			buildActionMask = 2147483647;
			files = (
				3DB4CEB2C0DA9D92E7EF90E6 /* Pods_kakao_weather.framework in Frameworks */,
			);
			runOnlyForDeploymentPostprocessing = 0;
		};
		7BFC26CB22FAD1C700D539D2 /* Frameworks */ = {
			isa = PBXFrameworksBuildPhase;
			buildActionMask = 2147483647;
			files = (
			);
			runOnlyForDeploymentPostprocessing = 0;
		};
		7BFC26D622FAD1C700D539D2 /* Frameworks */ = {
			isa = PBXFrameworksBuildPhase;
			buildActionMask = 2147483647;
			files = (
			);
			runOnlyForDeploymentPostprocessing = 0;
		};
/* End PBXFrameworksBuildPhase section */

/* Begin PBXGroup section */
		48325B5ECE289165B2AB5F4E /* Frameworks */ = {
			isa = PBXGroup;
			children = (
				B3AB86F9DD5910F6E573B3F9 /* Pods_kakao_weather.framework */,
			);
			name = Frameworks;
			sourceTree = "<group>";
		};
		7B22E2A222FEA59C00C71FFF /* View */ = {
			isa = PBXGroup;
			children = (
				7B22E2A722FEB2AA00C71FFF /* Weather */,
				7B22E2A822FEB2C700C71FFF /* Search */,
			);
			path = View;
			sourceTree = "<group>";
		};
		7B22E2A722FEB2AA00C71FFF /* Weather */ = {
			isa = PBXGroup;
			children = (
				7B22E2A322FEA5BD00C71FFF /* WeatherViewController.swift */,
				96CCA94D2301570300FB1708 /* WeatherCollectionViewCell.swift */,
				96CCA94E2301570300FB1708 /* WeatherCollectionViewCell.xib */,
			);
			path = Weather;
			sourceTree = "<group>";
		};
		7B22E2A822FEB2C700C71FFF /* Search */ = {
			isa = PBXGroup;
			children = (
				7B22E2A522FEA5CD00C71FFF /* SearchViewController.swift */,
				7B22E2A922FEB33200C71FFF /* LocationTableViewCell.swift */,
				7B22E2AA22FEB33200C71FFF /* LocationTableViewCell.xib */,
			);
			path = Search;
			sourceTree = "<group>";
		};
		7B22E2AD22FEB42100C71FFF /* Api */ = {
			isa = PBXGroup;
			children = (
				962B565A22FD3E7400874DAA /* Weather.swift */,
				962B565C22FD3E8300874DAA /* Location.swift */,
				962B565E22FD3FFF00874DAA /* CurrentObservation.swift */,
				962B566022FD401400874DAA /* Forecast.swift */,
			);
			path = Api;
			sourceTree = "<group>";
		};
		7B22E2AE22FEB44000C71FFF /* Spot */ = {
			isa = PBXGroup;
			children = (
				7B22E2AF22FEB45000C71FFF /* Spot.swift */,
			);
			path = Spot;
			sourceTree = "<group>";
		};
		7B42C1E222FAD77400C93987 /* Model */ = {
			isa = PBXGroup;
			children = (
				962B565922FD38E800874DAA /* Data */,
				962B565522FBF6DB00874DAA /* Api */,
				7B22E2B122FEF33400C71FFF /* SearchLocal.swift */,
			);
			path = Model;
			sourceTree = "<group>";
		};
		7B42C1E722FB240400C93987 /* Common */ = {
			isa = PBXGroup;
			children = (
				7B42C1E322FAD78800C93987 /* Common.swift */,
				962B565122FBC60500874DAA /* Log.swift */,
				7B22E2B422FF1A6000C71FFF /* Extension.swift */,
			);
			path = Common;
			sourceTree = "<group>";
		};
		7BFC26B122FAD1C600D539D2 = {
			isa = PBXGroup;
			children = (
				7BFC26BC22FAD1C600D539D2 /* kakao-weather */,
				7BFC26D122FAD1C700D539D2 /* kakao-weatherTests */,
				7BFC26DC22FAD1C700D539D2 /* kakao-weatherUITests */,
				7BFC26BB22FAD1C600D539D2 /* Products */,
				FA375D8987AFB0263FA5B7BE /* Pods */,
				48325B5ECE289165B2AB5F4E /* Frameworks */,
			);
			sourceTree = "<group>";
		};
		7BFC26BB22FAD1C600D539D2 /* Products */ = {
			isa = PBXGroup;
			children = (
				7BFC26BA22FAD1C600D539D2 /* kakao-weather.app */,
				7BFC26CE22FAD1C700D539D2 /* kakao-weatherTests.xctest */,
				7BFC26D922FAD1C700D539D2 /* kakao-weatherUITests.xctest */,
			);
			name = Products;
			sourceTree = "<group>";
		};
		7BFC26BC22FAD1C600D539D2 /* kakao-weather */ = {
			isa = PBXGroup;
			children = (
				7B42C1E722FB240400C93987 /* Common */,
				7B42C1E222FAD77400C93987 /* Model */,
				7B22E2A222FEA59C00C71FFF /* View */,
				7BFC26BD22FAD1C600D539D2 /* AppDelegate.swift */,
				7BFC26C122FAD1C600D539D2 /* Main.storyboard */,
				7BFC26C422FAD1C700D539D2 /* Assets.xcassets */,
				7BFC26C622FAD1C700D539D2 /* LaunchScreen.storyboard */,
				7BFC26C922FAD1C700D539D2 /* Info.plist */,
			);
			path = "kakao-weather";
			sourceTree = "<group>";
		};
		7BFC26D122FAD1C700D539D2 /* kakao-weatherTests */ = {
			isa = PBXGroup;
			children = (
				7BFC26D222FAD1C700D539D2 /* kakao_weatherTests.swift */,
				7BFC26D422FAD1C700D539D2 /* Info.plist */,
			);
			path = "kakao-weatherTests";
			sourceTree = "<group>";
		};
		7BFC26DC22FAD1C700D539D2 /* kakao-weatherUITests */ = {
			isa = PBXGroup;
			children = (
				7BFC26DD22FAD1C700D539D2 /* kakao_weatherUITests.swift */,
				7BFC26DF22FAD1C700D539D2 /* Info.plist */,
			);
			path = "kakao-weatherUITests";
			sourceTree = "<group>";
		};
		962B565522FBF6DB00874DAA /* Api */ = {
			isa = PBXGroup;
			children = (
				7B42C1E522FB138500C93987 /* Router.swift */,
				962B565322FBC9B100874DAA /* Api.swift */,
			);
			path = Api;
			sourceTree = "<group>";
		};
		962B565922FD38E800874DAA /* Data */ = {
			isa = PBXGroup;
			children = (
				7B22E2AE22FEB44000C71FFF /* Spot */,
				7B22E2AD22FEB42100C71FFF /* Api */,
			);
			path = Data;
			sourceTree = "<group>";
		};
		FA375D8987AFB0263FA5B7BE /* Pods */ = {
			isa = PBXGroup;
			children = (
				D912D4759937438D16EC9461 /* Pods-kakao-weather.debug.xcconfig */,
				F465E03BAE16056140B2B0B6 /* Pods-kakao-weather.release.xcconfig */,
			);
			name = Pods;
			sourceTree = "<group>";
		};
/* End PBXGroup section */

/* Begin PBXNativeTarget section */
		7BFC26B922FAD1C600D539D2 /* kakao-weather */ = {
			isa = PBXNativeTarget;
			buildConfigurationList = 7BFC26E222FAD1C700D539D2 /* Build configuration list for PBXNativeTarget "kakao-weather" */;
			buildPhases = (
				F7CD5F257E246BA64A91893A /* [CP] Check Pods Manifest.lock */,
				7BFC26B622FAD1C600D539D2 /* Sources */,
				7BFC26B722FAD1C600D539D2 /* Frameworks */,
				7BFC26B822FAD1C600D539D2 /* Resources */,
				5C0524EE805BD1A3C987C2BF /* [CP] Embed Pods Frameworks */,
			);
			buildRules = (
			);
			dependencies = (
			);
			name = "kakao-weather";
			productName = "kakao-weather";
			productReference = 7BFC26BA22FAD1C600D539D2 /* kakao-weather.app */;
			productType = "com.apple.product-type.application";
		};
		7BFC26CD22FAD1C700D539D2 /* kakao-weatherTests */ = {
			isa = PBXNativeTarget;
			buildConfigurationList = 7BFC26E522FAD1C700D539D2 /* Build configuration list for PBXNativeTarget "kakao-weatherTests" */;
			buildPhases = (
				7BFC26CA22FAD1C700D539D2 /* Sources */,
				7BFC26CB22FAD1C700D539D2 /* Frameworks */,
				7BFC26CC22FAD1C700D539D2 /* Resources */,
			);
			buildRules = (
			);
			dependencies = (
				7BFC26D022FAD1C700D539D2 /* PBXTargetDependency */,
			);
			name = "kakao-weatherTests";
			productName = "kakao-weatherTests";
			productReference = 7BFC26CE22FAD1C700D539D2 /* kakao-weatherTests.xctest */;
			productType = "com.apple.product-type.bundle.unit-test";
		};
		7BFC26D822FAD1C700D539D2 /* kakao-weatherUITests */ = {
			isa = PBXNativeTarget;
			buildConfigurationList = 7BFC26E822FAD1C700D539D2 /* Build configuration list for PBXNativeTarget "kakao-weatherUITests" */;
			buildPhases = (
				7BFC26D522FAD1C700D539D2 /* Sources */,
				7BFC26D622FAD1C700D539D2 /* Frameworks */,
				7BFC26D722FAD1C700D539D2 /* Resources */,
			);
			buildRules = (
			);
			dependencies = (
				7BFC26DB22FAD1C700D539D2 /* PBXTargetDependency */,
			);
			name = "kakao-weatherUITests";
			productName = "kakao-weatherUITests";
			productReference = 7BFC26D922FAD1C700D539D2 /* kakao-weatherUITests.xctest */;
			productType = "com.apple.product-type.bundle.ui-testing";
		};
/* End PBXNativeTarget section */

/* Begin PBXProject section */
		7BFC26B222FAD1C600D539D2 /* Project object */ = {
			isa = PBXProject;
			attributes = {
				LastSwiftUpdateCheck = 1020;
				LastUpgradeCheck = 1020;
				ORGANIZATIONNAME = pkmk;
				TargetAttributes = {
					7BFC26B922FAD1C600D539D2 = {
						CreatedOnToolsVersion = 10.2.1;
					};
					7BFC26CD22FAD1C700D539D2 = {
						CreatedOnToolsVersion = 10.2.1;
						TestTargetID = 7BFC26B922FAD1C600D539D2;
					};
					7BFC26D822FAD1C700D539D2 = {
						CreatedOnToolsVersion = 10.2.1;
						TestTargetID = 7BFC26B922FAD1C600D539D2;
					};
				};
			};
			buildConfigurationList = 7BFC26B522FAD1C600D539D2 /* Build configuration list for PBXProject "kakao-weather" */;
			compatibilityVersion = "Xcode 9.3";
			developmentRegion = en;
			hasScannedForEncodings = 0;
			knownRegions = (
				en,
				Base,
			);
			mainGroup = 7BFC26B122FAD1C600D539D2;
			productRefGroup = 7BFC26BB22FAD1C600D539D2 /* Products */;
			projectDirPath = "";
			projectRoot = "";
			targets = (
				7BFC26B922FAD1C600D539D2 /* kakao-weather */,
				7BFC26CD22FAD1C700D539D2 /* kakao-weatherTests */,
				7BFC26D822FAD1C700D539D2 /* kakao-weatherUITests */,
			);
		};
/* End PBXProject section */

/* Begin PBXResourcesBuildPhase section */
		7BFC26B822FAD1C600D539D2 /* Resources */ = {
			isa = PBXResourcesBuildPhase;
			buildActionMask = 2147483647;
			files = (
				7BFC26C822FAD1C700D539D2 /* LaunchScreen.storyboard in Resources */,
				7BFC26C522FAD1C700D539D2 /* Assets.xcassets in Resources */,
				96CCA9502301570300FB1708 /* WeatherCollectionViewCell.xib in Resources */,
				7B22E2AC22FEB33200C71FFF /* LocationTableViewCell.xib in Resources */,
				7BFC26C322FAD1C600D539D2 /* Main.storyboard in Resources */,
			);
			runOnlyForDeploymentPostprocessing = 0;
		};
		7BFC26CC22FAD1C700D539D2 /* Resources */ = {
			isa = PBXResourcesBuildPhase;
			buildActionMask = 2147483647;
			files = (
			);
			runOnlyForDeploymentPostprocessing = 0;
		};
		7BFC26D722FAD1C700D539D2 /* Resources */ = {
			isa = PBXResourcesBuildPhase;
			buildActionMask = 2147483647;
			files = (
			);
			runOnlyForDeploymentPostprocessing = 0;
		};
/* End PBXResourcesBuildPhase section */

/* Begin PBXShellScriptBuildPhase section */
		5C0524EE805BD1A3C987C2BF /* [CP] Embed Pods Frameworks */ = {
			isa = PBXShellScriptBuildPhase;
			buildActionMask = 2147483647;
			files = (
			);
			inputFileListPaths = (
			);
			inputPaths = (
				"${SRCROOT}/Pods/Target Support Files/Pods-kakao-weather/Pods-kakao-weather-frameworks.sh",
				"${BUILT_PRODUCTS_DIR}/OAuthSwift/OAuthSwift.framework",
			);
			name = "[CP] Embed Pods Frameworks";
			outputFileListPaths = (
			);
			outputPaths = (
				"${TARGET_BUILD_DIR}/${FRAMEWORKS_FOLDER_PATH}/OAuthSwift.framework",
			);
			runOnlyForDeploymentPostprocessing = 0;
			shellPath = /bin/sh;
			shellScript = "\"${SRCROOT}/Pods/Target Support Files/Pods-kakao-weather/Pods-kakao-weather-frameworks.sh\"\n";
			showEnvVarsInLog = 0;
		};
		F7CD5F257E246BA64A91893A /* [CP] Check Pods Manifest.lock */ = {
			isa = PBXShellScriptBuildPhase;
			buildActionMask = 2147483647;
			files = (
			);
			inputFileListPaths = (
			);
			inputPaths = (
				"${PODS_PODFILE_DIR_PATH}/Podfile.lock",
				"${PODS_ROOT}/Manifest.lock",
			);
			name = "[CP] Check Pods Manifest.lock";
			outputFileListPaths = (
			);
			outputPaths = (
				"$(DERIVED_FILE_DIR)/Pods-kakao-weather-checkManifestLockResult.txt",
			);
			runOnlyForDeploymentPostprocessing = 0;
			shellPath = /bin/sh;
			shellScript = "diff \"${PODS_PODFILE_DIR_PATH}/Podfile.lock\" \"${PODS_ROOT}/Manifest.lock\" > /dev/null\nif [ $? != 0 ] ; then\n    # print error to STDERR\n    echo \"error: The sandbox is not in sync with the Podfile.lock. Run 'pod install' or update your CocoaPods installation.\" >&2\n    exit 1\nfi\n# This output is used by Xcode 'outputs' to avoid re-running this script phase.\necho \"SUCCESS\" > \"${SCRIPT_OUTPUT_FILE_0}\"\n";
			showEnvVarsInLog = 0;
		};
/* End PBXShellScriptBuildPhase section */

/* Begin PBXSourcesBuildPhase section */
		7BFC26B622FAD1C600D539D2 /* Sources */ = {
			isa = PBXSourcesBuildPhase;
			buildActionMask = 2147483647;
			files = (
				7B22E2B522FF1A6000C71FFF /* Extension.swift in Sources */,
				96CCA94F2301570300FB1708 /* WeatherCollectionViewCell.swift in Sources */,
				962B565422FBC9B100874DAA /* Api.swift in Sources */,
				7B42C1E622FB138500C93987 /* Router.swift in Sources */,
				962B565D22FD3E8300874DAA /* Location.swift in Sources */,
				962B565222FBC60500874DAA /* Log.swift in Sources */,
				7B42C1E422FAD78800C93987 /* Common.swift in Sources */,
				7B22E2A622FEA5CD00C71FFF /* SearchViewController.swift in Sources */,
				7B22E2B022FEB45000C71FFF /* Spot.swift in Sources */,
				7B22E2AB22FEB33200C71FFF /* LocationTableViewCell.swift in Sources */,
				962B566122FD401400874DAA /* Forecast.swift in Sources */,
				7BFC26BE22FAD1C600D539D2 /* AppDelegate.swift in Sources */,
				962B565B22FD3E7400874DAA /* Weather.swift in Sources */,
				7B22E2B222FEF33400C71FFF /* SearchLocal.swift in Sources */,
				962B565F22FD3FFF00874DAA /* CurrentObservation.swift in Sources */,
				7B22E2A422FEA5BD00C71FFF /* WeatherViewController.swift in Sources */,
			);
			runOnlyForDeploymentPostprocessing = 0;
		};
		7BFC26CA22FAD1C700D539D2 /* Sources */ = {
			isa = PBXSourcesBuildPhase;
			buildActionMask = 2147483647;
			files = (
				7BFC26D322FAD1C700D539D2 /* kakao_weatherTests.swift in Sources */,
			);
			runOnlyForDeploymentPostprocessing = 0;
		};
		7BFC26D522FAD1C700D539D2 /* Sources */ = {
			isa = PBXSourcesBuildPhase;
			buildActionMask = 2147483647;
			files = (
				7BFC26DE22FAD1C700D539D2 /* kakao_weatherUITests.swift in Sources */,
			);
			runOnlyForDeploymentPostprocessing = 0;
		};
/* End PBXSourcesBuildPhase section */

/* Begin PBXTargetDependency section */
		7BFC26D022FAD1C700D539D2 /* PBXTargetDependency */ = {
			isa = PBXTargetDependency;
			target = 7BFC26B922FAD1C600D539D2 /* kakao-weather */;
			targetProxy = 7BFC26CF22FAD1C700D539D2 /* PBXContainerItemProxy */;
		};
		7BFC26DB22FAD1C700D539D2 /* PBXTargetDependency */ = {
			isa = PBXTargetDependency;
			target = 7BFC26B922FAD1C600D539D2 /* kakao-weather */;
			targetProxy = 7BFC26DA22FAD1C700D539D2 /* PBXContainerItemProxy */;
		};
/* End PBXTargetDependency section */

/* Begin PBXVariantGroup section */
		7BFC26C122FAD1C600D539D2 /* Main.storyboard */ = {
			isa = PBXVariantGroup;
			children = (
				7BFC26C222FAD1C600D539D2 /* Base */,
			);
			name = Main.storyboard;
			sourceTree = "<group>";
		};
		7BFC26C622FAD1C700D539D2 /* LaunchScreen.storyboard */ = {
			isa = PBXVariantGroup;
			children = (
				7BFC26C722FAD1C700D539D2 /* Base */,
			);
			name = LaunchScreen.storyboard;
			sourceTree = "<group>";
		};
/* End PBXVariantGroup section */

/* Begin XCBuildConfiguration section */
		7BFC26E022FAD1C700D539D2 /* Debug */ = {
			isa = XCBuildConfiguration;
			buildSettings = {
				ALWAYS_SEARCH_USER_PATHS = NO;
				CLANG_ANALYZER_NONNULL = YES;
				CLANG_ANALYZER_NUMBER_OBJECT_CONVERSION = YES_AGGRESSIVE;
				CLANG_CXX_LANGUAGE_STANDARD = "gnu++14";
				CLANG_CXX_LIBRARY = "libc++";
				CLANG_ENABLE_MODULES = YES;
				CLANG_ENABLE_OBJC_ARC = YES;
				CLANG_ENABLE_OBJC_WEAK = YES;
				CLANG_WARN_BLOCK_CAPTURE_AUTORELEASING = YES;
				CLANG_WARN_BOOL_CONVERSION = YES;
				CLANG_WARN_COMMA = YES;
				CLANG_WARN_CONSTANT_CONVERSION = YES;
				CLANG_WARN_DEPRECATED_OBJC_IMPLEMENTATIONS = YES;
				CLANG_WARN_DIRECT_OBJC_ISA_USAGE = YES_ERROR;
				CLANG_WARN_DOCUMENTATION_COMMENTS = YES;
				CLANG_WARN_EMPTY_BODY = YES;
				CLANG_WARN_ENUM_CONVERSION = YES;
				CLANG_WARN_INFINITE_RECURSION = YES;
				CLANG_WARN_INT_CONVERSION = YES;
				CLANG_WARN_NON_LITERAL_NULL_CONVERSION = YES;
				CLANG_WARN_OBJC_IMPLICIT_RETAIN_SELF = YES;
				CLANG_WARN_OBJC_LITERAL_CONVERSION = YES;
				CLANG_WARN_OBJC_ROOT_CLASS = YES_ERROR;
				CLANG_WARN_RANGE_LOOP_ANALYSIS = YES;
				CLANG_WARN_STRICT_PROTOTYPES = YES;
				CLANG_WARN_SUSPICIOUS_MOVE = YES;
				CLANG_WARN_UNGUARDED_AVAILABILITY = YES_AGGRESSIVE;
				CLANG_WARN_UNREACHABLE_CODE = YES;
				CLANG_WARN__DUPLICATE_METHOD_MATCH = YES;
				CODE_SIGN_IDENTITY = "iPhone Developer";
				COPY_PHASE_STRIP = NO;
				DEBUG_INFORMATION_FORMAT = dwarf;
				ENABLE_STRICT_OBJC_MSGSEND = YES;
				ENABLE_TESTABILITY = YES;
				GCC_C_LANGUAGE_STANDARD = gnu11;
				GCC_DYNAMIC_NO_PIC = NO;
				GCC_NO_COMMON_BLOCKS = YES;
				GCC_OPTIMIZATION_LEVEL = 0;
				GCC_PREPROCESSOR_DEFINITIONS = (
					"DEBUG=1",
					"$(inherited)",
				);
				GCC_WARN_64_TO_32_BIT_CONVERSION = YES;
				GCC_WARN_ABOUT_RETURN_TYPE = YES_ERROR;
				GCC_WARN_UNDECLARED_SELECTOR = YES;
				GCC_WARN_UNINITIALIZED_AUTOS = YES_AGGRESSIVE;
				GCC_WARN_UNUSED_FUNCTION = YES;
				GCC_WARN_UNUSED_VARIABLE = YES;
				IPHONEOS_DEPLOYMENT_TARGET = 12.2;
				MTL_ENABLE_DEBUG_INFO = INCLUDE_SOURCE;
				MTL_FAST_MATH = YES;
				ONLY_ACTIVE_ARCH = YES;
				SDKROOT = iphoneos;
				SWIFT_ACTIVE_COMPILATION_CONDITIONS = DEBUG;
				SWIFT_OPTIMIZATION_LEVEL = "-Onone";
			};
			name = Debug;
		};
		7BFC26E122FAD1C700D539D2 /* Release */ = {
			isa = XCBuildConfiguration;
			buildSettings = {
				ALWAYS_SEARCH_USER_PATHS = NO;
				CLANG_ANALYZER_NONNULL = YES;
				CLANG_ANALYZER_NUMBER_OBJECT_CONVERSION = YES_AGGRESSIVE;
				CLANG_CXX_LANGUAGE_STANDARD = "gnu++14";
				CLANG_CXX_LIBRARY = "libc++";
				CLANG_ENABLE_MODULES = YES;
				CLANG_ENABLE_OBJC_ARC = YES;
				CLANG_ENABLE_OBJC_WEAK = YES;
				CLANG_WARN_BLOCK_CAPTURE_AUTORELEASING = YES;
				CLANG_WARN_BOOL_CONVERSION = YES;
				CLANG_WARN_COMMA = YES;
				CLANG_WARN_CONSTANT_CONVERSION = YES;
				CLANG_WARN_DEPRECATED_OBJC_IMPLEMENTATIONS = YES;
				CLANG_WARN_DIRECT_OBJC_ISA_USAGE = YES_ERROR;
				CLANG_WARN_DOCUMENTATION_COMMENTS = YES;
				CLANG_WARN_EMPTY_BODY = YES;
				CLANG_WARN_ENUM_CONVERSION = YES;
				CLANG_WARN_INFINITE_RECURSION = YES;
				CLANG_WARN_INT_CONVERSION = YES;
				CLANG_WARN_NON_LITERAL_NULL_CONVERSION = YES;
				CLANG_WARN_OBJC_IMPLICIT_RETAIN_SELF = YES;
				CLANG_WARN_OBJC_LITERAL_CONVERSION = YES;
				CLANG_WARN_OBJC_ROOT_CLASS = YES_ERROR;
				CLANG_WARN_RANGE_LOOP_ANALYSIS = YES;
				CLANG_WARN_STRICT_PROTOTYPES = YES;
				CLANG_WARN_SUSPICIOUS_MOVE = YES;
				CLANG_WARN_UNGUARDED_AVAILABILITY = YES_AGGRESSIVE;
				CLANG_WARN_UNREACHABLE_CODE = YES;
				CLANG_WARN__DUPLICATE_METHOD_MATCH = YES;
				CODE_SIGN_IDENTITY = "iPhone Developer";
				COPY_PHASE_STRIP = NO;
				DEBUG_INFORMATION_FORMAT = "dwarf-with-dsym";
				ENABLE_NS_ASSERTIONS = NO;
				ENABLE_STRICT_OBJC_MSGSEND = YES;
				GCC_C_LANGUAGE_STANDARD = gnu11;
				GCC_NO_COMMON_BLOCKS = YES;
				GCC_WARN_64_TO_32_BIT_CONVERSION = YES;
				GCC_WARN_ABOUT_RETURN_TYPE = YES_ERROR;
				GCC_WARN_UNDECLARED_SELECTOR = YES;
				GCC_WARN_UNINITIALIZED_AUTOS = YES_AGGRESSIVE;
				GCC_WARN_UNUSED_FUNCTION = YES;
				GCC_WARN_UNUSED_VARIABLE = YES;
				IPHONEOS_DEPLOYMENT_TARGET = 12.2;
				MTL_ENABLE_DEBUG_INFO = NO;
				MTL_FAST_MATH = YES;
				SDKROOT = iphoneos;
				SWIFT_COMPILATION_MODE = wholemodule;
				SWIFT_OPTIMIZATION_LEVEL = "-O";
				VALIDATE_PRODUCT = YES;
			};
			name = Release;
		};
		7BFC26E322FAD1C700D539D2 /* Debug */ = {
			isa = XCBuildConfiguration;
			baseConfigurationReference = D912D4759937438D16EC9461 /* Pods-kakao-weather.debug.xcconfig */;
			buildSettings = {
				ASSETCATALOG_COMPILER_APPICON_NAME = AppIcon;
				CODE_SIGN_STYLE = Automatic;
				DEVELOPMENT_TEAM = Z7888YSZR7;
				INFOPLIST_FILE = "kakao-weather/Info.plist";
				IPHONEOS_DEPLOYMENT_TARGET = 10.0;
				LD_RUNPATH_SEARCH_PATHS = (
					"$(inherited)",
					"@executable_path/Frameworks",
				);
				PRODUCT_BUNDLE_IDENTIFIER = "com.pkmk.kakao-weather";
				PRODUCT_NAME = "$(TARGET_NAME)";
				SWIFT_VERSION = 5.0;
				TARGETED_DEVICE_FAMILY = 1;
			};
			name = Debug;
		};
		7BFC26E422FAD1C700D539D2 /* Release */ = {
			isa = XCBuildConfiguration;
			baseConfigurationReference = F465E03BAE16056140B2B0B6 /* Pods-kakao-weather.release.xcconfig */;
			buildSettings = {
				ASSETCATALOG_COMPILER_APPICON_NAME = AppIcon;
				CODE_SIGN_STYLE = Automatic;
				DEVELOPMENT_TEAM = Z7888YSZR7;
				INFOPLIST_FILE = "kakao-weather/Info.plist";
				IPHONEOS_DEPLOYMENT_TARGET = 10.0;
				LD_RUNPATH_SEARCH_PATHS = (
					"$(inherited)",
					"@executable_path/Frameworks",
				);
				PRODUCT_BUNDLE_IDENTIFIER = "com.pkmk.kakao-weather";
				PRODUCT_NAME = "$(TARGET_NAME)";
				SWIFT_VERSION = 5.0;
				TARGETED_DEVICE_FAMILY = 1;
			};
			name = Release;
		};
		7BFC26E622FAD1C700D539D2 /* Debug */ = {
			isa = XCBuildConfiguration;
			buildSettings = {
				ALWAYS_EMBED_SWIFT_STANDARD_LIBRARIES = YES;
				BUNDLE_LOADER = "$(TEST_HOST)";
				CODE_SIGN_STYLE = Automatic;
				DEVELOPMENT_TEAM = L4X25MBLT7;
				INFOPLIST_FILE = "kakao-weatherTests/Info.plist";
				LD_RUNPATH_SEARCH_PATHS = (
					"$(inherited)",
					"@executable_path/Frameworks",
					"@loader_path/Frameworks",
				);
				PRODUCT_BUNDLE_IDENTIFIER = "com.pkmk.kakao-weatherTests";
				PRODUCT_NAME = "$(TARGET_NAME)";
				SWIFT_VERSION = 5.0;
				TARGETED_DEVICE_FAMILY = "1,2";
				TEST_HOST = "$(BUILT_PRODUCTS_DIR)/kakao-weather.app/kakao-weather";
			};
			name = Debug;
		};
		7BFC26E722FAD1C700D539D2 /* Release */ = {
			isa = XCBuildConfiguration;
			buildSettings = {
				ALWAYS_EMBED_SWIFT_STANDARD_LIBRARIES = YES;
				BUNDLE_LOADER = "$(TEST_HOST)";
				CODE_SIGN_STYLE = Automatic;
				DEVELOPMENT_TEAM = L4X25MBLT7;
				INFOPLIST_FILE = "kakao-weatherTests/Info.plist";
				LD_RUNPATH_SEARCH_PATHS = (
					"$(inherited)",
					"@executable_path/Frameworks",
					"@loader_path/Frameworks",
				);
				PRODUCT_BUNDLE_IDENTIFIER = "com.pkmk.kakao-weatherTests";
				PRODUCT_NAME = "$(TARGET_NAME)";
				SWIFT_VERSION = 5.0;
				TARGETED_DEVICE_FAMILY = "1,2";
				TEST_HOST = "$(BUILT_PRODUCTS_DIR)/kakao-weather.app/kakao-weather";
			};
			name = Release;
		};
		7BFC26E922FAD1C700D539D2 /* Debug */ = {
			isa = XCBuildConfiguration;
			buildSettings = {
				ALWAYS_EMBED_SWIFT_STANDARD_LIBRARIES = YES;
				CODE_SIGN_STYLE = Automatic;
				DEVELOPMENT_TEAM = L4X25MBLT7;
				INFOPLIST_FILE = "kakao-weatherUITests/Info.plist";
				LD_RUNPATH_SEARCH_PATHS = (
					"$(inherited)",
					"@executable_path/Frameworks",
					"@loader_path/Frameworks",
				);
				PRODUCT_BUNDLE_IDENTIFIER = "com.pkmk.kakao-weatherUITests";
				PRODUCT_NAME = "$(TARGET_NAME)";
				SWIFT_VERSION = 5.0;
				TARGETED_DEVICE_FAMILY = "1,2";
				TEST_TARGET_NAME = "kakao-weather";
			};
			name = Debug;
		};
		7BFC26EA22FAD1C700D539D2 /* Release */ = {
			isa = XCBuildConfiguration;
			buildSettings = {
				ALWAYS_EMBED_SWIFT_STANDARD_LIBRARIES = YES;
				CODE_SIGN_STYLE = Automatic;
				DEVELOPMENT_TEAM = L4X25MBLT7;
				INFOPLIST_FILE = "kakao-weatherUITests/Info.plist";
				LD_RUNPATH_SEARCH_PATHS = (
					"$(inherited)",
					"@executable_path/Frameworks",
					"@loader_path/Frameworks",
				);
				PRODUCT_BUNDLE_IDENTIFIER = "com.pkmk.kakao-weatherUITests";
				PRODUCT_NAME = "$(TARGET_NAME)";
				SWIFT_VERSION = 5.0;
				TARGETED_DEVICE_FAMILY = "1,2";
				TEST_TARGET_NAME = "kakao-weather";
			};
			name = Release;
		};
/* End XCBuildConfiguration section */

/* Begin XCConfigurationList section */
		7BFC26B522FAD1C600D539D2 /* Build configuration list for PBXProject "kakao-weather" */ = {
			isa = XCConfigurationList;
			buildConfigurations = (
				7BFC26E022FAD1C700D539D2 /* Debug */,
				7BFC26E122FAD1C700D539D2 /* Release */,
			);
			defaultConfigurationIsVisible = 0;
			defaultConfigurationName = Release;
		};
		7BFC26E222FAD1C700D539D2 /* Build configuration list for PBXNativeTarget "kakao-weather" */ = {
			isa = XCConfigurationList;
			buildConfigurations = (
				7BFC26E322FAD1C700D539D2 /* Debug */,
				7BFC26E422FAD1C700D539D2 /* Release */,
			);
			defaultConfigurationIsVisible = 0;
			defaultConfigurationName = Release;
		};
		7BFC26E522FAD1C700D539D2 /* Build configuration list for PBXNativeTarget "kakao-weatherTests" */ = {
			isa = XCConfigurationList;
			buildConfigurations = (
				7BFC26E622FAD1C700D539D2 /* Debug */,
				7BFC26E722FAD1C700D539D2 /* Release */,
			);
			defaultConfigurationIsVisible = 0;
			defaultConfigurationName = Release;
		};
		7BFC26E822FAD1C700D539D2 /* Build configuration list for PBXNativeTarget "kakao-weatherUITests" */ = {
			isa = XCConfigurationList;
			buildConfigurations = (
				7BFC26E922FAD1C700D539D2 /* Debug */,
				7BFC26EA22FAD1C700D539D2 /* Release */,
			);
			defaultConfigurationIsVisible = 0;
			defaultConfigurationName = Release;
		};
/* End XCConfigurationList section */
	};
	rootObject = 7BFC26B222FAD1C600D539D2 /* Project object */;
}
